version: 1.0
shards:
  admiral:
    github: jwaldrip/admiral.cr
    version: 1.8.0

  ameba:
    github: veelenga/ameba
    version: 0.9.1

  dotenv:
    github: gdotdesign/cr-dotenv
    version: 0.2.0

  telegram_bot:
    github: Hentioe/telegram_bot
    commit: 210aba8fb4ede940af9341f5c0285d0e1fd715c6

