version: 1.0
shards:
  admiral:
    github: jwaldrip/admiral.cr
    version: 1.8.0

  ameba:
    github: veelenga/ameba
    version: 0.10.0

  base62:
    github: Sija/base62.cr
    version: 0.1.1

  db:
    github: crystal-lang/crystal-db
    version: 0.5.1

  dotenv:
    github: gdotdesign/cr-dotenv
    version: 0.2.0

  exception_page:
    github: crystal-loot/exception_page
    version: 0.1.2

  gomoku:
    github: Hentioe/gomoku.cr
    commit: ffde53c3c897b41ab7efae284d83ff53069274bd

  i18n:
    github: TechMagister/i18n.cr
    version: 0.2.0

  ifrit:
    github: imdrasil/ifrit
    version: 0.1.2

  inflector:
    github: phoffer/inflector.cr
    version: 0.1.8

  jennifer:
    github: imdrasil/jennifer.cr
    version: 0.7.1

  jennifer_sqlite3_adapter:
    github: imdrasil/jennifer_sqlite3_adapter
    version: 0.2.0

  kemal:
    github: kemalcr/kemal
    version: 0.25.2

  kemal-session:
    github: kemalcr/kemal-session
    version: 0.11.1

  kilt:
    github: jeromegn/kilt
    version: 0.4.0

  ksuid:
    github: Sija/ksuid.cr
    version: 0.4.0

  radix:
    github: luislavena/radix
    version: 0.3.9

  rocksdb:
    github: maiha/rocksdb.cr
    version: 0.5.1

  sam:
    github: imdrasil/sam.cr
    version: 0.3.0

  schedule:
    github: hugoabonizio/schedule.cr
    version: 0.2.1

  sqlite3:
    github: crystal-lang/crystal-sqlite3
    version: 0.12.0

  telegram_bot:
    github: Hentioe/telegram_bot
    commit: 11014e817ba57582b75bc42fd8819950ff879d9b

