version: 1.0
shards:
  admiral:
    github: jwaldrip/admiral.cr
    version: 1.8.0

  ameba:
    github: veelenga/ameba
    version: 0.9.1

  dotenv:
    github: gdotdesign/cr-dotenv
    version: 0.2.0

  telegram_bot:
    github: hangyas/telegram_bot
    commit: c46f930d19f394c0e26b3ddc77e967916c12bb08

